{
  "name": "table-warden",
  "version": "1.0.0",
  "lockfileVersion": 3,
  "requires": true,
  "packages": {
    "": {
      "name": "table-warden",
      "version": "1.0.0",
      "license": "ISC",
      "dependencies": {
        "table-warden": "file:"
      }
    },
    "node_modules/table-warden": {
      "resolved": "",
      "link": true
    }
  }
}
